// !$*UTF8*$!
{
	archiveVersion = 1;
	classes = {
	};
	objectVersion = 46;
	objects = {

/* Begin PBXBuildFile section */
		896D27760B4264D3F381C6EA /* Pods_TwitterStream.framework in Frameworks */ = {isa = PBXBuildFile; fileRef = DC715C463987E306B004438D /* Pods_TwitterStream.framework */; };
		AF1ACF0D0D2B3332F80F9AE6 /* Pods_TwitterStreamUITests.framework in Frameworks */ = {isa = PBXBuildFile; fileRef = 43B9B3FAF673EE246538405B /* Pods_TwitterStreamUITests.framework */; };
		E1849736B0E41DC6143C7B5E /* Pods_TwitterStreamTests.framework in Frameworks */ = {isa = PBXBuildFile; fileRef = A5DCD1944318ED4FCF3DA575 /* Pods_TwitterStreamTests.framework */; };
		E60570FC1CD477D0006B5E4F /* TweetParser.swift in Sources */ = {isa = PBXBuildFile; fileRef = E60570FB1CD477D0006B5E4F /* TweetParser.swift */; };
		E60570FF1CD47839006B5E4F /* TwitterTests.swift in Sources */ = {isa = PBXBuildFile; fileRef = E60570FE1CD47839006B5E4F /* TwitterTests.swift */; };
		E6765F431CD6752C004A373F /* FilterView.swift in Sources */ = {isa = PBXBuildFile; fileRef = E6765F421CD6752C004A373F /* FilterView.swift */; };
		E6765F451CD6754E004A373F /* FilterView.xib in Resources */ = {isa = PBXBuildFile; fileRef = E6765F441CD6754E004A373F /* FilterView.xib */; };
		E6A9118B1CD6C87E008FD4B3 /* TweetsModel.swift in Sources */ = {isa = PBXBuildFile; fileRef = E6A9118A1CD6C87E008FD4B3 /* TweetsModel.swift */; };
		E6A9118E1CD6CF7C008FD4B3 /* TweetsModelTests.swift in Sources */ = {isa = PBXBuildFile; fileRef = E6A9118D1CD6CF7C008FD4B3 /* TweetsModelTests.swift */; };
		E6A911901CD6F0C6008FD4B3 /* Constants.swift in Sources */ = {isa = PBXBuildFile; fileRef = E6A9118F1CD6F0C6008FD4B3 /* Constants.swift */; };
		E6B668B61CD46C17000992FE /* AppDelegate.swift in Sources */ = {isa = PBXBuildFile; fileRef = E6B668B51CD46C17000992FE /* AppDelegate.swift */; };
		E6B668B81CD46C17000992FE /* TwitterStreamViewController.swift in Sources */ = {isa = PBXBuildFile; fileRef = E6B668B71CD46C17000992FE /* TwitterStreamViewController.swift */; };
		E6B668BB1CD46C17000992FE /* Main.storyboard in Resources */ = {isa = PBXBuildFile; fileRef = E6B668B91CD46C17000992FE /* Main.storyboard */; };
		E6B668BD1CD46C17000992FE /* Assets.xcassets in Resources */ = {isa = PBXBuildFile; fileRef = E6B668BC1CD46C17000992FE /* Assets.xcassets */; };
		E6B668C01CD46C17000992FE /* LaunchScreen.storyboard in Resources */ = {isa = PBXBuildFile; fileRef = E6B668BE1CD46C17000992FE /* LaunchScreen.storyboard */; };
		E6B668CB1CD46C17000992FE /* TwitterStreamTests.swift in Sources */ = {isa = PBXBuildFile; fileRef = E6B668CA1CD46C17000992FE /* TwitterStreamTests.swift */; };
		E6B668D61CD46C17000992FE /* TwitterStreamUITests.swift in Sources */ = {isa = PBXBuildFile; fileRef = E6B668D51CD46C17000992FE /* TwitterStreamUITests.swift */; };
		E6B668E41CD46C3B000992FE /* TwitterManager.swift in Sources */ = {isa = PBXBuildFile; fileRef = E6B668E31CD46C3B000992FE /* TwitterManager.swift */; };
/* End PBXBuildFile section */

/* Begin PBXContainerItemProxy section */
		E6B668C71CD46C17000992FE /* PBXContainerItemProxy */ = {
			isa = PBXContainerItemProxy;
			containerPortal = E6B668AA1CD46C16000992FE /* Project object */;
			proxyType = 1;
			remoteGlobalIDString = E6B668B11CD46C17000992FE;
			remoteInfo = TwitterStream;
		};
		E6B668D21CD46C17000992FE /* PBXContainerItemProxy */ = {
			isa = PBXContainerItemProxy;
			containerPortal = E6B668AA1CD46C16000992FE /* Project object */;
			proxyType = 1;
			remoteGlobalIDString = E6B668B11CD46C17000992FE;
			remoteInfo = TwitterStream;
		};
/* End PBXContainerItemProxy section */

/* Begin PBXFileReference section */
		01316B3742C4C9B4FB6C4A13 /* Pods-TwitterStreamUITests.release.xcconfig */ = {isa = PBXFileReference; includeInIndex = 1; lastKnownFileType = text.xcconfig; name = "Pods-TwitterStreamUITests.release.xcconfig"; path = "Pods/Target Support Files/Pods-TwitterStreamUITests/Pods-TwitterStreamUITests.release.xcconfig"; sourceTree = "<group>"; };
		43B9B3FAF673EE246538405B /* Pods_TwitterStreamUITests.framework */ = {isa = PBXFileReference; explicitFileType = wrapper.framework; includeInIndex = 0; path = Pods_TwitterStreamUITests.framework; sourceTree = BUILT_PRODUCTS_DIR; };
		5510553DFC70CB0DB2B1E10D /* Pods-TwitterStreamTests.debug.xcconfig */ = {isa = PBXFileReference; includeInIndex = 1; lastKnownFileType = text.xcconfig; name = "Pods-TwitterStreamTests.debug.xcconfig"; path = "Pods/Target Support Files/Pods-TwitterStreamTests/Pods-TwitterStreamTests.debug.xcconfig"; sourceTree = "<group>"; };
		809A1FBB3B616106A849956C /* Pods-TwitterStream.release.xcconfig */ = {isa = PBXFileReference; includeInIndex = 1; lastKnownFileType = text.xcconfig; name = "Pods-TwitterStream.release.xcconfig"; path = "Pods/Target Support Files/Pods-TwitterStream/Pods-TwitterStream.release.xcconfig"; sourceTree = "<group>"; };
		8D737D2FDF2B3D2E62F94546 /* Pods-TwitterStreamUITests.debug.xcconfig */ = {isa = PBXFileReference; includeInIndex = 1; lastKnownFileType = text.xcconfig; name = "Pods-TwitterStreamUITests.debug.xcconfig"; path = "Pods/Target Support Files/Pods-TwitterStreamUITests/Pods-TwitterStreamUITests.debug.xcconfig"; sourceTree = "<group>"; };
		99B7FE605776001D64510B89 /* Pods-TwitterStream.debug.xcconfig */ = {isa = PBXFileReference; includeInIndex = 1; lastKnownFileType = text.xcconfig; name = "Pods-TwitterStream.debug.xcconfig"; path = "Pods/Target Support Files/Pods-TwitterStream/Pods-TwitterStream.debug.xcconfig"; sourceTree = "<group>"; };
		A5DCD1944318ED4FCF3DA575 /* Pods_TwitterStreamTests.framework */ = {isa = PBXFileReference; explicitFileType = wrapper.framework; includeInIndex = 0; path = Pods_TwitterStreamTests.framework; sourceTree = BUILT_PRODUCTS_DIR; };
		C2A0D3EF5C21944EFE3B6856 /* Pods-TwitterStreamTests.release.xcconfig */ = {isa = PBXFileReference; includeInIndex = 1; lastKnownFileType = text.xcconfig; name = "Pods-TwitterStreamTests.release.xcconfig"; path = "Pods/Target Support Files/Pods-TwitterStreamTests/Pods-TwitterStreamTests.release.xcconfig"; sourceTree = "<group>"; };
		DC715C463987E306B004438D /* Pods_TwitterStream.framework */ = {isa = PBXFileReference; explicitFileType = wrapper.framework; includeInIndex = 0; path = Pods_TwitterStream.framework; sourceTree = BUILT_PRODUCTS_DIR; };
		E60570FB1CD477D0006B5E4F /* TweetParser.swift */ = {isa = PBXFileReference; fileEncoding = 4; lastKnownFileType = sourcecode.swift; path = TweetParser.swift; sourceTree = "<group>"; };
		E60570FE1CD47839006B5E4F /* TwitterTests.swift */ = {isa = PBXFileReference; fileEncoding = 4; lastKnownFileType = sourcecode.swift; path = TwitterTests.swift; sourceTree = "<group>"; };
		E6765F421CD6752C004A373F /* FilterView.swift */ = {isa = PBXFileReference; fileEncoding = 4; lastKnownFileType = sourcecode.swift; path = FilterView.swift; sourceTree = "<group>"; };
		E6765F441CD6754E004A373F /* FilterView.xib */ = {isa = PBXFileReference; fileEncoding = 4; lastKnownFileType = file.xib; path = FilterView.xib; sourceTree = "<group>"; };
		E6A9118A1CD6C87E008FD4B3 /* TweetsModel.swift */ = {isa = PBXFileReference; fileEncoding = 4; lastKnownFileType = sourcecode.swift; path = TweetsModel.swift; sourceTree = "<group>"; };
		E6A9118D1CD6CF7C008FD4B3 /* TweetsModelTests.swift */ = {isa = PBXFileReference; fileEncoding = 4; lastKnownFileType = sourcecode.swift; path = TweetsModelTests.swift; sourceTree = "<group>"; };
		E6A9118F1CD6F0C6008FD4B3 /* Constants.swift */ = {isa = PBXFileReference; fileEncoding = 4; lastKnownFileType = sourcecode.swift; path = Constants.swift; sourceTree = "<group>"; };
		E6B668B21CD46C17000992FE /* TwitterStream.app */ = {isa = PBXFileReference; explicitFileType = wrapper.application; includeInIndex = 0; path = TwitterStream.app; sourceTree = BUILT_PRODUCTS_DIR; };
		E6B668B51CD46C17000992FE /* AppDelegate.swift */ = {isa = PBXFileReference; lastKnownFileType = sourcecode.swift; path = AppDelegate.swift; sourceTree = "<group>"; };
		E6B668B71CD46C17000992FE /* TwitterStreamViewController.swift */ = {isa = PBXFileReference; lastKnownFileType = sourcecode.swift; path = TwitterStreamViewController.swift; sourceTree = "<group>"; };
		E6B668BA1CD46C17000992FE /* Base */ = {isa = PBXFileReference; lastKnownFileType = file.storyboard; name = Base; path = Base.lproj/Main.storyboard; sourceTree = "<group>"; };
		E6B668BC1CD46C17000992FE /* Assets.xcassets */ = {isa = PBXFileReference; lastKnownFileType = folder.assetcatalog; path = Assets.xcassets; sourceTree = "<group>"; };
		E6B668BF1CD46C17000992FE /* Base */ = {isa = PBXFileReference; lastKnownFileType = file.storyboard; name = Base; path = Base.lproj/LaunchScreen.storyboard; sourceTree = "<group>"; };
		E6B668C11CD46C17000992FE /* Info.plist */ = {isa = PBXFileReference; lastKnownFileType = text.plist.xml; path = Info.plist; sourceTree = "<group>"; };
		E6B668C61CD46C17000992FE /* TwitterStreamTests.xctest */ = {isa = PBXFileReference; explicitFileType = wrapper.cfbundle; includeInIndex = 0; path = TwitterStreamTests.xctest; sourceTree = BUILT_PRODUCTS_DIR; };
		E6B668CA1CD46C17000992FE /* TwitterStreamTests.swift */ = {isa = PBXFileReference; lastKnownFileType = sourcecode.swift; path = TwitterStreamTests.swift; sourceTree = "<group>"; };
		E6B668CC1CD46C17000992FE /* Info.plist */ = {isa = PBXFileReference; lastKnownFileType = text.plist.xml; path = Info.plist; sourceTree = "<group>"; };
		E6B668D11CD46C17000992FE /* TwitterStreamUITests.xctest */ = {isa = PBXFileReference; explicitFileType = wrapper.cfbundle; includeInIndex = 0; path = TwitterStreamUITests.xctest; sourceTree = BUILT_PRODUCTS_DIR; };
		E6B668D51CD46C17000992FE /* TwitterStreamUITests.swift */ = {isa = PBXFileReference; lastKnownFileType = sourcecode.swift; path = TwitterStreamUITests.swift; sourceTree = "<group>"; };
		E6B668D71CD46C17000992FE /* Info.plist */ = {isa = PBXFileReference; lastKnownFileType = text.plist.xml; path = Info.plist; sourceTree = "<group>"; };
		E6B668E31CD46C3B000992FE /* TwitterManager.swift */ = {isa = PBXFileReference; fileEncoding = 4; lastKnownFileType = sourcecode.swift; path = TwitterManager.swift; sourceTree = "<group>"; };
/* End PBXFileReference section */

/* Begin PBXFrameworksBuildPhase section */
		E6B668AF1CD46C17000992FE /* Frameworks */ = {
			isa = PBXFrameworksBuildPhase;
			buildActionMask = 2147483647;
			files = (
				896D27760B4264D3F381C6EA /* Pods_TwitterStream.framework in Frameworks */,
			);
			runOnlyForDeploymentPostprocessing = 0;
		};
		E6B668C31CD46C17000992FE /* Frameworks */ = {
			isa = PBXFrameworksBuildPhase;
			buildActionMask = 2147483647;
			files = (
				E1849736B0E41DC6143C7B5E /* Pods_TwitterStreamTests.framework in Frameworks */,
			);
			runOnlyForDeploymentPostprocessing = 0;
		};
		E6B668CE1CD46C17000992FE /* Frameworks */ = {
			isa = PBXFrameworksBuildPhase;
			buildActionMask = 2147483647;
			files = (
				AF1ACF0D0D2B3332F80F9AE6 /* Pods_TwitterStreamUITests.framework in Frameworks */,
			);
			runOnlyForDeploymentPostprocessing = 0;
		};
/* End PBXFrameworksBuildPhase section */

/* Begin PBXGroup section */
		7AACFE5354AFDD23B0D70F3D /* Frameworks */ = {
			isa = PBXGroup;
			children = (
				DC715C463987E306B004438D /* Pods_TwitterStream.framework */,
				A5DCD1944318ED4FCF3DA575 /* Pods_TwitterStreamTests.framework */,
				43B9B3FAF673EE246538405B /* Pods_TwitterStreamUITests.framework */,
			);
			name = Frameworks;
			sourceTree = "<group>";
		};
		D38B2D8A6DFF075CADAE5006 /* Pods */ = {
			isa = PBXGroup;
			children = (
				99B7FE605776001D64510B89 /* Pods-TwitterStream.debug.xcconfig */,
				809A1FBB3B616106A849956C /* Pods-TwitterStream.release.xcconfig */,
				5510553DFC70CB0DB2B1E10D /* Pods-TwitterStreamTests.debug.xcconfig */,
				C2A0D3EF5C21944EFE3B6856 /* Pods-TwitterStreamTests.release.xcconfig */,
				8D737D2FDF2B3D2E62F94546 /* Pods-TwitterStreamUITests.debug.xcconfig */,
				01316B3742C4C9B4FB6C4A13 /* Pods-TwitterStreamUITests.release.xcconfig */,
			);
			name = Pods;
			sourceTree = "<group>";
		};
		E60570FD1CD477D4006B5E4F /* Twitter */ = {
			isa = PBXGroup;
			children = (
				E6B668E31CD46C3B000992FE /* TwitterManager.swift */,
				E60570FB1CD477D0006B5E4F /* TweetParser.swift */,
			);
			name = Twitter;
			sourceTree = "<group>";
		};
		E6765F461CD67552004A373F /* Views */ = {
			isa = PBXGroup;
			children = (
				E6765F421CD6752C004A373F /* FilterView.swift */,
				E6765F441CD6754E004A373F /* FilterView.xib */,
			);
			name = Views;
			sourceTree = "<group>";
		};
		E69F0B641CD5D29500D7761B /* View Controllers */ = {
			isa = PBXGroup;
			children = (
				E6B668B71CD46C17000992FE /* TwitterStreamViewController.swift */,
			);
			name = "View Controllers";
			sourceTree = "<group>";
		};
		E6A9118C1CD6C882008FD4B3 /* Models */ = {
			isa = PBXGroup;
			children = (
				E6A9118A1CD6C87E008FD4B3 /* TweetsModel.swift */,
			);
			name = Models;
			sourceTree = "<group>";
		};
		E6B668A91CD46C16000992FE = {
			isa = PBXGroup;
			children = (
				E6B668B41CD46C17000992FE /* TwitterStream */,
				E6B668C91CD46C17000992FE /* TwitterStreamTests */,
				E6B668D41CD46C17000992FE /* TwitterStreamUITests */,
				E6B668B31CD46C17000992FE /* Products */,
				D38B2D8A6DFF075CADAE5006 /* Pods */,
				7AACFE5354AFDD23B0D70F3D /* Frameworks */,
			);
			sourceTree = "<group>";
		};
		E6B668B31CD46C17000992FE /* Products */ = {
			isa = PBXGroup;
			children = (
				E6B668B21CD46C17000992FE /* TwitterStream.app */,
				E6B668C61CD46C17000992FE /* TwitterStreamTests.xctest */,
				E6B668D11CD46C17000992FE /* TwitterStreamUITests.xctest */,
			);
			name = Products;
			sourceTree = "<group>";
		};
		E6B668B41CD46C17000992FE /* TwitterStream */ = {
			isa = PBXGroup;
			children = (
				E6B668B51CD46C17000992FE /* AppDelegate.swift */,
				E6A9118F1CD6F0C6008FD4B3 /* Constants.swift */,
				E69F0B641CD5D29500D7761B /* View Controllers */,
				E6765F461CD67552004A373F /* Views */,
				E6A9118C1CD6C882008FD4B3 /* Models */,
				E60570FD1CD477D4006B5E4F /* Twitter */,
				E6B668B91CD46C17000992FE /* Main.storyboard */,
				E6B668BC1CD46C17000992FE /* Assets.xcassets */,
				E6B668BE1CD46C17000992FE /* LaunchScreen.storyboard */,
				E6B668C11CD46C17000992FE /* Info.plist */,
			);
			path = TwitterStream;
			sourceTree = "<group>";
		};
		E6B668C91CD46C17000992FE /* TwitterStreamTests */ = {
			isa = PBXGroup;
			children = (
				E6A9118D1CD6CF7C008FD4B3 /* TweetsModelTests.swift */,
				E60570FE1CD47839006B5E4F /* TwitterTests.swift */,
				E6B668CA1CD46C17000992FE /* TwitterStreamTests.swift */,
				E6B668CC1CD46C17000992FE /* Info.plist */,
			);
			path = TwitterStreamTests;
			sourceTree = "<group>";
		};
		E6B668D41CD46C17000992FE /* TwitterStreamUITests */ = {
			isa = PBXGroup;
			children = (
				E6B668D51CD46C17000992FE /* TwitterStreamUITests.swift */,
				E6B668D71CD46C17000992FE /* Info.plist */,
			);
			path = TwitterStreamUITests;
			sourceTree = "<group>";
		};
/* End PBXGroup section */

/* Begin PBXNativeTarget section */
		E6B668B11CD46C17000992FE /* TwitterStream */ = {
			isa = PBXNativeTarget;
			buildConfigurationList = E6B668DA1CD46C17000992FE /* Build configuration list for PBXNativeTarget "TwitterStream" */;
			buildPhases = (
				07D329E77F7523B59C0437A0 /* Check Pods Manifest.lock */,
				E6B668AE1CD46C17000992FE /* Sources */,
				E6B668AF1CD46C17000992FE /* Frameworks */,
				E6B668B01CD46C17000992FE /* Resources */,
				55D7995E84CFE463F25856CA /* Embed Pods Frameworks */,
				BB038F7DA0E69DAC73497533 /* Copy Pods Resources */,
			);
			buildRules = (
			);
			dependencies = (
			);
			name = TwitterStream;
			productName = TwitterStream;
			productReference = E6B668B21CD46C17000992FE /* TwitterStream.app */;
			productType = "com.apple.product-type.application";
		};
		E6B668C51CD46C17000992FE /* TwitterStreamTests */ = {
			isa = PBXNativeTarget;
			buildConfigurationList = E6B668DD1CD46C17000992FE /* Build configuration list for PBXNativeTarget "TwitterStreamTests" */;
			buildPhases = (
				86F08E7ABA06945549C7C8ED /* Check Pods Manifest.lock */,
				E6B668C21CD46C17000992FE /* Sources */,
				E6B668C31CD46C17000992FE /* Frameworks */,
				E6B668C41CD46C17000992FE /* Resources */,
				BEE1AB3572CB057FE9A075FB /* Embed Pods Frameworks */,
				30B8F601CEDBCBCF7B0405BD /* Copy Pods Resources */,
			);
			buildRules = (
			);
			dependencies = (
				E6B668C81CD46C17000992FE /* PBXTargetDependency */,
			);
			name = TwitterStreamTests;
			productName = TwitterStreamTests;
			productReference = E6B668C61CD46C17000992FE /* TwitterStreamTests.xctest */;
			productType = "com.apple.product-type.bundle.unit-test";
		};
		E6B668D01CD46C17000992FE /* TwitterStreamUITests */ = {
			isa = PBXNativeTarget;
			buildConfigurationList = E6B668E01CD46C17000992FE /* Build configuration list for PBXNativeTarget "TwitterStreamUITests" */;
			buildPhases = (
				A28C2941715CD2EE83229A06 /* Check Pods Manifest.lock */,
				E6B668CD1CD46C17000992FE /* Sources */,
				E6B668CE1CD46C17000992FE /* Frameworks */,
				E6B668CF1CD46C17000992FE /* Resources */,
				B9D0BA230EB19DB834C4DA33 /* Copy Pods Resources */,
			);
			buildRules = (
			);
			dependencies = (
				E6B668D31CD46C17000992FE /* PBXTargetDependency */,
			);
			name = TwitterStreamUITests;
			productName = TwitterStreamUITests;
			productReference = E6B668D11CD46C17000992FE /* TwitterStreamUITests.xctest */;
			productType = "com.apple.product-type.bundle.ui-testing";
		};
/* End PBXNativeTarget section */

/* Begin PBXProject section */
		E6B668AA1CD46C16000992FE /* Project object */ = {
			isa = PBXProject;
			attributes = {
				LastSwiftUpdateCheck = 0720;
				LastUpgradeCheck = 0720;
				ORGANIZATIONNAME = LawrenceTran;
				TargetAttributes = {
					E6B668B11CD46C17000992FE = {
						CreatedOnToolsVersion = 7.2;
					};
					E6B668C51CD46C17000992FE = {
						CreatedOnToolsVersion = 7.2;
						TestTargetID = E6B668B11CD46C17000992FE;
					};
					E6B668D01CD46C17000992FE = {
						CreatedOnToolsVersion = 7.2;
						TestTargetID = E6B668B11CD46C17000992FE;
					};
				};
			};
			buildConfigurationList = E6B668AD1CD46C16000992FE /* Build configuration list for PBXProject "TwitterStream" */;
			compatibilityVersion = "Xcode 3.2";
			developmentRegion = English;
			hasScannedForEncodings = 0;
			knownRegions = (
				en,
				Base,
			);
			mainGroup = E6B668A91CD46C16000992FE;
			productRefGroup = E6B668B31CD46C17000992FE /* Products */;
			projectDirPath = "";
			projectRoot = "";
			targets = (
				E6B668B11CD46C17000992FE /* TwitterStream */,
				E6B668C51CD46C17000992FE /* TwitterStreamTests */,
				E6B668D01CD46C17000992FE /* TwitterStreamUITests */,
			);
		};
/* End PBXProject section */

/* Begin PBXResourcesBuildPhase section */
		E6B668B01CD46C17000992FE /* Resources */ = {
			isa = PBXResourcesBuildPhase;
			buildActionMask = 2147483647;
			files = (
				E6765F451CD6754E004A373F /* FilterView.xib in Resources */,
				E6B668C01CD46C17000992FE /* LaunchScreen.storyboard in Resources */,
				E6B668BD1CD46C17000992FE /* Assets.xcassets in Resources */,
				E6B668BB1CD46C17000992FE /* Main.storyboard in Resources */,
			);
			runOnlyForDeploymentPostprocessing = 0;
		};
		E6B668C41CD46C17000992FE /* Resources */ = {
			isa = PBXResourcesBuildPhase;
			buildActionMask = 2147483647;
			files = (
			);
			runOnlyForDeploymentPostprocessing = 0;
		};
		E6B668CF1CD46C17000992FE /* Resources */ = {
			isa = PBXResourcesBuildPhase;
			buildActionMask = 2147483647;
			files = (
			);
			runOnlyForDeploymentPostprocessing = 0;
		};
/* End PBXResourcesBuildPhase section */

/* Begin PBXShellScriptBuildPhase section */
		07D329E77F7523B59C0437A0 /* Check Pods Manifest.lock */ = {
			isa = PBXShellScriptBuildPhase;
			buildActionMask = 2147483647;
			files = (
			);
			inputPaths = (
			);
			name = "Check Pods Manifest.lock";
			outputPaths = (
			);
			runOnlyForDeploymentPostprocessing = 0;
			shellPath = /bin/sh;
			shellScript = "diff \"${PODS_ROOT}/../Podfile.lock\" \"${PODS_ROOT}/Manifest.lock\" > /dev/null\nif [[ $? != 0 ]] ; then\n    cat << EOM\nerror: The sandbox is not in sync with the Podfile.lock. Run 'pod install' or update your CocoaPods installation.\nEOM\n    exit 1\nfi\n";
			showEnvVarsInLog = 0;
		};
		30B8F601CEDBCBCF7B0405BD /* Copy Pods Resources */ = {
			isa = PBXShellScriptBuildPhase;
			buildActionMask = 2147483647;
			files = (
			);
			inputPaths = (
			);
			name = "Copy Pods Resources";
			outputPaths = (
			);
			runOnlyForDeploymentPostprocessing = 0;
			shellPath = /bin/sh;
			shellScript = "\"${SRCROOT}/Pods/Target Support Files/Pods-TwitterStreamTests/Pods-TwitterStreamTests-resources.sh\"\n";
			showEnvVarsInLog = 0;
		};
		55D7995E84CFE463F25856CA /* Embed Pods Frameworks */ = {
			isa = PBXShellScriptBuildPhase;
			buildActionMask = 2147483647;
			files = (
			);
			inputPaths = (
			);
			name = "Embed Pods Frameworks";
			outputPaths = (
			);
			runOnlyForDeploymentPostprocessing = 0;
			shellPath = /bin/sh;
			shellScript = "\"${SRCROOT}/Pods/Target Support Files/Pods-TwitterStream/Pods-TwitterStream-frameworks.sh\"\n";
			showEnvVarsInLog = 0;
		};
		86F08E7ABA06945549C7C8ED /* Check Pods Manifest.lock */ = {
			isa = PBXShellScriptBuildPhase;
			buildActionMask = 2147483647;
			files = (
			);
			inputPaths = (
			);
			name = "Check Pods Manifest.lock";
			outputPaths = (
			);
			runOnlyForDeploymentPostprocessing = 0;
			shellPath = /bin/sh;
			shellScript = "diff \"${PODS_ROOT}/../Podfile.lock\" \"${PODS_ROOT}/Manifest.lock\" > /dev/null\nif [[ $? != 0 ]] ; then\n    cat << EOM\nerror: The sandbox is not in sync with the Podfile.lock. Run 'pod install' or update your CocoaPods installation.\nEOM\n    exit 1\nfi\n";
			showEnvVarsInLog = 0;
		};
		A28C2941715CD2EE83229A06 /* Check Pods Manifest.lock */ = {
			isa = PBXShellScriptBuildPhase;
			buildActionMask = 2147483647;
			files = (
			);
			inputPaths = (
			);
			name = "Check Pods Manifest.lock";
			outputPaths = (
			);
			runOnlyForDeploymentPostprocessing = 0;
			shellPath = /bin/sh;
			shellScript = "diff \"${PODS_ROOT}/../Podfile.lock\" \"${PODS_ROOT}/Manifest.lock\" > /dev/null\nif [[ $? != 0 ]] ; then\n    cat << EOM\nerror: The sandbox is not in sync with the Podfile.lock. Run 'pod install' or update your CocoaPods installation.\nEOM\n    exit 1\nfi\n";
			showEnvVarsInLog = 0;
		};
		B9D0BA230EB19DB834C4DA33 /* Copy Pods Resources */ = {
			isa = PBXShellScriptBuildPhase;
			buildActionMask = 2147483647;
			files = (
			);
			inputPaths = (
			);
			name = "Copy Pods Resources";
			outputPaths = (
			);
			runOnlyForDeploymentPostprocessing = 0;
			shellPath = /bin/sh;
			shellScript = "\"${SRCROOT}/Pods/Target Support Files/Pods-TwitterStreamUITests/Pods-TwitterStreamUITests-resources.sh\"\n";
			showEnvVarsInLog = 0;
		};
		BB038F7DA0E69DAC73497533 /* Copy Pods Resources */ = {
			isa = PBXShellScriptBuildPhase;
			buildActionMask = 2147483647;
			files = (
			);
			inputPaths = (
			);
			name = "Copy Pods Resources";
			outputPaths = (
			);
			runOnlyForDeploymentPostprocessing = 0;
			shellPath = /bin/sh;
			shellScript = "\"${SRCROOT}/Pods/Target Support Files/Pods-TwitterStream/Pods-TwitterStream-resources.sh\"\n";
			showEnvVarsInLog = 0;
		};
		BEE1AB3572CB057FE9A075FB /* Embed Pods Frameworks */ = {
			isa = PBXShellScriptBuildPhase;
			buildActionMask = 2147483647;
			files = (
			);
			inputPaths = (
			);
			name = "Embed Pods Frameworks";
			outputPaths = (
			);
			runOnlyForDeploymentPostprocessing = 0;
			shellPath = /bin/sh;
			shellScript = "\"${SRCROOT}/Pods/Target Support Files/Pods-TwitterStreamTests/Pods-TwitterStreamTests-frameworks.sh\"\n";
			showEnvVarsInLog = 0;
		};
/* End PBXShellScriptBuildPhase section */

/* Begin PBXSourcesBuildPhase section */
		E6B668AE1CD46C17000992FE /* Sources */ = {
			isa = PBXSourcesBuildPhase;
			buildActionMask = 2147483647;
			files = (
				E6B668B81CD46C17000992FE /* TwitterStreamViewController.swift in Sources */,
				E6A9118B1CD6C87E008FD4B3 /* TweetsModel.swift in Sources */,
				E6B668E41CD46C3B000992FE /* TwitterManager.swift in Sources */,
				E60570FC1CD477D0006B5E4F /* TweetParser.swift in Sources */,
				E6A911901CD6F0C6008FD4B3 /* Constants.swift in Sources */,
				E6765F431CD6752C004A373F /* FilterView.swift in Sources */,
				E6B668B61CD46C17000992FE /* AppDelegate.swift in Sources */,
			);
			runOnlyForDeploymentPostprocessing = 0;
		};
		E6B668C21CD46C17000992FE /* Sources */ = {
			isa = PBXSourcesBuildPhase;
			buildActionMask = 2147483647;
			files = (
				E6B668CB1CD46C17000992FE /* TwitterStreamTests.swift in Sources */,
				E6A9118E1CD6CF7C008FD4B3 /* TweetsModelTests.swift in Sources */,
				E60570FF1CD47839006B5E4F /* TwitterTests.swift in Sources */,
			);
			runOnlyForDeploymentPostprocessing = 0;
		};
		E6B668CD1CD46C17000992FE /* Sources */ = {
			isa = PBXSourcesBuildPhase;
			buildActionMask = 2147483647;
			files = (
				E6B668D61CD46C17000992FE /* TwitterStreamUITests.swift in Sources */,
			);
			runOnlyForDeploymentPostprocessing = 0;
		};
/* End PBXSourcesBuildPhase section */

/* Begin PBXTargetDependency section */
		E6B668C81CD46C17000992FE /* PBXTargetDependency */ = {
			isa = PBXTargetDependency;
			target = E6B668B11CD46C17000992FE /* TwitterStream */;
			targetProxy = E6B668C71CD46C17000992FE /* PBXContainerItemProxy */;
		};
		E6B668D31CD46C17000992FE /* PBXTargetDependency */ = {
			isa = PBXTargetDependency;
			target = E6B668B11CD46C17000992FE /* TwitterStream */;
			targetProxy = E6B668D21CD46C17000992FE /* PBXContainerItemProxy */;
		};
/* End PBXTargetDependency section */

/* Begin PBXVariantGroup section */
		E6B668B91CD46C17000992FE /* Main.storyboard */ = {
			isa = PBXVariantGroup;
			children = (
				E6B668BA1CD46C17000992FE /* Base */,
			);
			name = Main.storyboard;
			sourceTree = "<group>";
		};
		E6B668BE1CD46C17000992FE /* LaunchScreen.storyboard */ = {
			isa = PBXVariantGroup;
			children = (
				E6B668BF1CD46C17000992FE /* Base */,
			);
			name = LaunchScreen.storyboard;
			sourceTree = "<group>";
		};
/* End PBXVariantGroup section */

/* Begin XCBuildConfiguration section */
		E6B668D81CD46C17000992FE /* Debug */ = {
			isa = XCBuildConfiguration;
			buildSettings = {
				ALWAYS_SEARCH_USER_PATHS = NO;
				CLANG_CXX_LANGUAGE_STANDARD = "gnu++0x";
				CLANG_CXX_LIBRARY = "libc++";
				CLANG_ENABLE_MODULES = YES;
				CLANG_ENABLE_OBJC_ARC = YES;
				CLANG_WARN_BOOL_CONVERSION = YES;
				CLANG_WARN_CONSTANT_CONVERSION = YES;
				CLANG_WARN_DIRECT_OBJC_ISA_USAGE = YES_ERROR;
				CLANG_WARN_EMPTY_BODY = YES;
				CLANG_WARN_ENUM_CONVERSION = YES;
				CLANG_WARN_INT_CONVERSION = YES;
				CLANG_WARN_OBJC_ROOT_CLASS = YES_ERROR;
				CLANG_WARN_UNREACHABLE_CODE = YES;
				CLANG_WARN__DUPLICATE_METHOD_MATCH = YES;
				"CODE_SIGN_IDENTITY[sdk=iphoneos*]" = "iPhone Developer";
				COPY_PHASE_STRIP = NO;
				DEBUG_INFORMATION_FORMAT = dwarf;
				ENABLE_STRICT_OBJC_MSGSEND = YES;
				ENABLE_TESTABILITY = YES;
				GCC_C_LANGUAGE_STANDARD = gnu99;
				GCC_DYNAMIC_NO_PIC = NO;
				GCC_NO_COMMON_BLOCKS = YES;
				GCC_OPTIMIZATION_LEVEL = 0;
				GCC_PREPROCESSOR_DEFINITIONS = (
					"DEBUG=1",
					"$(inherited)",
				);
				GCC_WARN_64_TO_32_BIT_CONVERSION = YES;
				GCC_WARN_ABOUT_RETURN_TYPE = YES_ERROR;
				GCC_WARN_UNDECLARED_SELECTOR = YES;
				GCC_WARN_UNINITIALIZED_AUTOS = YES_AGGRESSIVE;
				GCC_WARN_UNUSED_FUNCTION = YES;
				GCC_WARN_UNUSED_VARIABLE = YES;
				IPHONEOS_DEPLOYMENT_TARGET = 9.2;
				MTL_ENABLE_DEBUG_INFO = YES;
				ONLY_ACTIVE_ARCH = YES;
				SDKROOT = iphoneos;
				SWIFT_OPTIMIZATION_LEVEL = "-Onone";
				TARGETED_DEVICE_FAMILY = "1,2";
			};
			name = Debug;
		};
		E6B668D91CD46C17000992FE /* Release */ = {
			isa = XCBuildConfiguration;
			buildSettings = {
				ALWAYS_SEARCH_USER_PATHS = NO;
				CLANG_CXX_LANGUAGE_STANDARD = "gnu++0x";
				CLANG_CXX_LIBRARY = "libc++";
				CLANG_ENABLE_MODULES = YES;
				CLANG_ENABLE_OBJC_ARC = YES;
				CLANG_WARN_BOOL_CONVERSION = YES;
				CLANG_WARN_CONSTANT_CONVERSION = YES;
				CLANG_WARN_DIRECT_OBJC_ISA_USAGE = YES_ERROR;
				CLANG_WARN_EMPTY_BODY = YES;
				CLANG_WARN_ENUM_CONVERSION = YES;
				CLANG_WARN_INT_CONVERSION = YES;
				CLANG_WARN_OBJC_ROOT_CLASS = YES_ERROR;
				CLANG_WARN_UNREACHABLE_CODE = YES;
				CLANG_WARN__DUPLICATE_METHOD_MATCH = YES;
				"CODE_SIGN_IDENTITY[sdk=iphoneos*]" = "iPhone Developer";
				COPY_PHASE_STRIP = NO;
				DEBUG_INFORMATION_FORMAT = "dwarf-with-dsym";
				ENABLE_NS_ASSERTIONS = NO;
				ENABLE_STRICT_OBJC_MSGSEND = YES;
				GCC_C_LANGUAGE_STANDARD = gnu99;
				GCC_NO_COMMON_BLOCKS = YES;
				GCC_WARN_64_TO_32_BIT_CONVERSION = YES;
				GCC_WARN_ABOUT_RETURN_TYPE = YES_ERROR;
				GCC_WARN_UNDECLARED_SELECTOR = YES;
				GCC_WARN_UNINITIALIZED_AUTOS = YES_AGGRESSIVE;
				GCC_WARN_UNUSED_FUNCTION = YES;
				GCC_WARN_UNUSED_VARIABLE = YES;
				IPHONEOS_DEPLOYMENT_TARGET = 9.2;
				MTL_ENABLE_DEBUG_INFO = NO;
				SDKROOT = iphoneos;
				TARGETED_DEVICE_FAMILY = "1,2";
				VALIDATE_PRODUCT = YES;
			};
			name = Release;
		};
		E6B668DB1CD46C17000992FE /* Debug */ = {
			isa = XCBuildConfiguration;
			baseConfigurationReference = 99B7FE605776001D64510B89 /* Pods-TwitterStream.debug.xcconfig */;
			buildSettings = {
				ASSETCATALOG_COMPILER_APPICON_NAME = AppIcon;
				INFOPLIST_FILE = TwitterStream/Info.plist;
				IPHONEOS_DEPLOYMENT_TARGET = 8.0;
				LD_RUNPATH_SEARCH_PATHS = "$(inherited) @executable_path/Frameworks";
				PRODUCT_BUNDLE_IDENTIFIER = com.lawrnce.TwitterStream;
				PRODUCT_NAME = "$(TARGET_NAME)";
			};
			name = Debug;
		};
		E6B668DC1CD46C17000992FE /* Release */ = {
			isa = XCBuildConfiguration;
			baseConfigurationReference = 809A1FBB3B616106A849956C /* Pods-TwitterStream.release.xcconfig */;
			buildSettings = {
				ASSETCATALOG_COMPILER_APPICON_NAME = AppIcon;
				INFOPLIST_FILE = TwitterStream/Info.plist;
				IPHONEOS_DEPLOYMENT_TARGET = 8.0;
				LD_RUNPATH_SEARCH_PATHS = "$(inherited) @executable_path/Frameworks";
				PRODUCT_BUNDLE_IDENTIFIER = com.lawrnce.TwitterStream;
				PRODUCT_NAME = "$(TARGET_NAME)";
			};
			name = Release;
		};
		E6B668DE1CD46C17000992FE /* Debug */ = {
			isa = XCBuildConfiguration;
			baseConfigurationReference = 5510553DFC70CB0DB2B1E10D /* Pods-TwitterStreamTests.debug.xcconfig */;
			buildSettings = {
				BUNDLE_LOADER = "$(TEST_HOST)";
				INFOPLIST_FILE = TwitterStreamTests/Info.plist;
				LD_RUNPATH_SEARCH_PATHS = "$(inherited) @executable_path/Frameworks @loader_path/Frameworks";
				PRODUCT_BUNDLE_IDENTIFIER = com.lawrnce.TwitterStreamTests;
				PRODUCT_NAME = "$(TARGET_NAME)";
				TEST_HOST = "$(BUILT_PRODUCTS_DIR)/TwitterStream.app/TwitterStream";
			};
			name = Debug;
		};
		E6B668DF1CD46C17000992FE /* Release */ = {
			isa = XCBuildConfiguration;
			baseConfigurationReference = C2A0D3EF5C21944EFE3B6856 /* Pods-TwitterStreamTests.release.xcconfig */;
			buildSettings = {
				BUNDLE_LOADER = "$(TEST_HOST)";
				INFOPLIST_FILE = TwitterStreamTests/Info.plist;
				LD_RUNPATH_SEARCH_PATHS = "$(inherited) @executable_path/Frameworks @loader_path/Frameworks";
				PRODUCT_BUNDLE_IDENTIFIER = com.lawrnce.TwitterStreamTests;
				PRODUCT_NAME = "$(TARGET_NAME)";
				TEST_HOST = "$(BUILT_PRODUCTS_DIR)/TwitterStream.app/TwitterStream";
			};
			name = Release;
		};
		E6B668E11CD46C17000992FE /* Debug */ = {
			isa = XCBuildConfiguration;
			baseConfigurationReference = 8D737D2FDF2B3D2E62F94546 /* Pods-TwitterStreamUITests.debug.xcconfig */;
			buildSettings = {
				INFOPLIST_FILE = TwitterStreamUITests/Info.plist;
				LD_RUNPATH_SEARCH_PATHS = "$(inherited) @executable_path/Frameworks @loader_path/Frameworks";
				PRODUCT_BUNDLE_IDENTIFIER = com.lawrnce.TwitterStreamUITests;
				PRODUCT_NAME = "$(TARGET_NAME)";
				TEST_TARGET_NAME = TwitterStream;
				USES_XCTRUNNER = YES;
			};
			name = Debug;
		};
		E6B668E21CD46C17000992FE /* Release */ = {
			isa = XCBuildConfiguration;
			baseConfigurationReference = 01316B3742C4C9B4FB6C4A13 /* Pods-TwitterStreamUITests.release.xcconfig */;
			buildSettings = {
				INFOPLIST_FILE = TwitterStreamUITests/Info.plist;
				LD_RUNPATH_SEARCH_PATHS = "$(inherited) @executable_path/Frameworks @loader_path/Frameworks";
				PRODUCT_BUNDLE_IDENTIFIER = com.lawrnce.TwitterStreamUITests;
				PRODUCT_NAME = "$(TARGET_NAME)";
				TEST_TARGET_NAME = TwitterStream;
				USES_XCTRUNNER = YES;
			};
			name = Release;
		};
/* End XCBuildConfiguration section */

/* Begin XCConfigurationList section */
		E6B668AD1CD46C16000992FE /* Build configuration list for PBXProject "TwitterStream" */ = {
			isa = XCConfigurationList;
			buildConfigurations = (
				E6B668D81CD46C17000992FE /* Debug */,
				E6B668D91CD46C17000992FE /* Release */,
			);
			defaultConfigurationIsVisible = 0;
			defaultConfigurationName = Release;
		};
		E6B668DA1CD46C17000992FE /* Build configuration list for PBXNativeTarget "TwitterStream" */ = {
			isa = XCConfigurationList;
			buildConfigurations = (
				E6B668DB1CD46C17000992FE /* Debug */,
				E6B668DC1CD46C17000992FE /* Release */,
			);
			defaultConfigurationIsVisible = 0;
			defaultConfigurationName = Release;
		};
		E6B668DD1CD46C17000992FE /* Build configuration list for PBXNativeTarget "TwitterStreamTests" */ = {
			isa = XCConfigurationList;
			buildConfigurations = (
				E6B668DE1CD46C17000992FE /* Debug */,
				E6B668DF1CD46C17000992FE /* Release */,
			);
			defaultConfigurationIsVisible = 0;
			defaultConfigurationName = Release;
		};
		E6B668E01CD46C17000992FE /* Build configuration list for PBXNativeTarget "TwitterStreamUITests" */ = {
			isa = XCConfigurationList;
			buildConfigurations = (
				E6B668E11CD46C17000992FE /* Debug */,
				E6B668E21CD46C17000992FE /* Release */,
			);
			defaultConfigurationIsVisible = 0;
			defaultConfigurationName = Release;
		};
/* End XCConfigurationList section */
	};
	rootObject = E6B668AA1CD46C16000992FE /* Project object */;
}
